
Microsoft Visual Studio Solution File, Format Version 11.00
# Visual C++ Express 2010
Project("{8BC9CEB8-8B4A-11D0-8D11-00A0C91BC942}") = "Console", "Console\Console.vcxproj", "{45434B63-41BE-45BA-896D-196DC5428D93}"
EndProject
Project("{8BC9CEB8-8B4A-11D0-8D11-00A0C91BC942}") = "NeuralBasic", "NeuralBasic\NeuralBasic.vcxproj", "{9FA5B9D1-1BF5-4C23-93A4-2A96D82258F3}"
EndProject
Global
	GlobalSection(SolutionConfigurationPlatforms) = preSolution
		Debug|Win32 = Debug|Win32
		Release|Win32 = Release|Win32
	EndGlobalSection
	GlobalSection(ProjectConfigurationPlatforms) = postSolution
		{45434B63-41BE-45BA-896D-196DC5428D93}.Debug|Win32.ActiveCfg = Debug|Win32
		{45434B63-41BE-45BA-896D-196DC5428D93}.Debug|Win32.Build.0 = Debug|Win32
		{45434B63-41BE-45BA-896D-196DC5428D93}.Release|Win32.ActiveCfg = Release|Win32
		{45434B63-41BE-45BA-896D-196DC5428D93}.Release|Win32.Build.0 = Release|Win32
		{9FA5B9D1-1BF5-4C23-93A4-2A96D82258F3}.Debug|Win32.ActiveCfg = Debug|Win32
		{9FA5B9D1-1BF5-4C23-93A4-2A96D82258F3}.Debug|Win32.Build.0 = Debug|Win32
		{9FA5B9D1-1BF5-4C23-93A4-2A96D82258F3}.Release|Win32.ActiveCfg = Release|Win32
		{9FA5B9D1-1BF5-4C23-93A4-2A96D82258F3}.Release|Win32.Build.0 = Release|Win32
	EndGlobalSection
	GlobalSection(SolutionProperties) = preSolution
		HideSolutionNode = FALSE
	EndGlobalSection
EndGlobal
